
Microsoft Visual Studio Solution File, Format Version 12.00
# Visual Studio 14
VisualStudioVersion = 14.0.25420.1
MinimumVisualStudioVersion = 10.0.40219.1
Project("{FAE04EC0-301F-11D3-BF4B-00C04F79EFBC}") = "LibraryWeb", "LibraryWeb\LibraryWeb.csproj", "{95F523CC-8FBD-4965-AFDC-0C8DCF82306D}"
EndProject
Project("{FAE04EC0-301F-11D3-BF4B-00C04F79EFBC}") = "LibraryRepository", "LibraryRepository\LibraryRepository.csproj", "{B75CB2CE-C755-42BE-AA56-962F76DCAE42}"
EndProject
Global
	GlobalSection(SolutionConfigurationPlatforms) = preSolution
		Debug|Any CPU = Debug|Any CPU
		Release|Any CPU = Release|Any CPU
	EndGlobalSection
	GlobalSection(ProjectConfigurationPlatforms) = postSolution
		{95F523CC-8FBD-4965-AFDC-0C8DCF82306D}.Debug|Any CPU.ActiveCfg = Debug|Any CPU
		{95F523CC-8FBD-4965-AFDC-0C8DCF82306D}.Debug|Any CPU.Build.0 = Debug|Any CPU
		{95F523CC-8FBD-4965-AFDC-0C8DCF82306D}.Release|Any CPU.ActiveCfg = Release|Any CPU
		{95F523CC-8FBD-4965-AFDC-0C8DCF82306D}.Release|Any CPU.Build.0 = Release|Any CPU
		{B75CB2CE-C755-42BE-AA56-962F76DCAE42}.Debug|Any CPU.ActiveCfg = Debug|Any CPU
		{B75CB2CE-C755-42BE-AA56-962F76DCAE42}.Debug|Any CPU.Build.0 = Debug|Any CPU
		{B75CB2CE-C755-42BE-AA56-962F76DCAE42}.Release|Any CPU.ActiveCfg = Release|Any CPU
		{B75CB2CE-C755-42BE-AA56-962F76DCAE42}.Release|Any CPU.Build.0 = Release|Any CPU
	EndGlobalSection
	GlobalSection(SolutionProperties) = preSolution
		HideSolutionNode = FALSE
	EndGlobalSection
EndGlobal
